
Microsoft Visual Studio Solution File, Format Version 12.00
# Visual Studio Version 16
VisualStudioVersion = 16.0.30114.105
MinimumVisualStudioVersion = 10.0.40219.1
Project("{FAE04EC0-301F-11D3-BF4B-00C04F79EFBC}") = "POCcSharpWinFormTemplate", "POCcSharpWinFormTemplate.csproj", "{9C2BB0DE-2737-42BA-B423-E796819F4A44}"
EndProject
Global
	GlobalSection(SolutionConfigurationPlatforms) = preSolution
		Debug|Any CPU = Debug|Any CPU
		Release|Any CPU = Release|Any CPU
	EndGlobalSection
	GlobalSection(ProjectConfigurationPlatforms) = postSolution
		{9C2BB0DE-2737-42BA-B423-E796819F4A44}.Debug|Any CPU.ActiveCfg = Debug|Any CPU
		{9C2BB0DE-2737-42BA-B423-E796819F4A44}.Debug|Any CPU.Build.0 = Debug|Any CPU
		{9C2BB0DE-2737-42BA-B423-E796819F4A44}.Release|Any CPU.ActiveCfg = Release|Any CPU
		{9C2BB0DE-2737-42BA-B423-E796819F4A44}.Release|Any CPU.Build.0 = Release|Any CPU
	EndGlobalSection
	GlobalSection(SolutionProperties) = preSolution
		HideSolutionNode = FALSE
	EndGlobalSection
	GlobalSection(ExtensibilityGlobals) = postSolution
		SolutionGuid = {45892115-CE54-4978-8895-0AF4870904FC}
	EndGlobalSection
EndGlobal
